
Microsoft Visual Studio Solution File, Format Version 12.00
Project("{FAE04EC0-301F-11D3-BF4B-00C04F79EFBC}") = "EventFlowAddons.CosmosDB", "EventFlowAddons.CosmosDB\EventFlowAddons.CosmosDB.csproj", "{05726DE3-8A1F-4BB0-8405-792ABA2B3497}"
EndProject
Project("{FAE04EC0-301F-11D3-BF4B-00C04F79EFBC}") = "EventFlowAddons.CosmosDB.Tests", "EventFlowAddons.CosmosDB.Tests\EventFlowAddons.CosmosDB.Tests.csproj", "{4F3B7094-9FF9-48DF-B6AF-9AD67910F5AD}"
EndProject
Global
	GlobalSection(SolutionConfigurationPlatforms) = preSolution
		Debug|Any CPU = Debug|Any CPU
		Release|Any CPU = Release|Any CPU
	EndGlobalSection
	GlobalSection(ProjectConfigurationPlatforms) = postSolution
		{05726DE3-8A1F-4BB0-8405-792ABA2B3497}.Release|Any CPU.ActiveCfg = Release|Any CPU
		{05726DE3-8A1F-4BB0-8405-792ABA2B3497}.Release|Any CPU.Build.0 = Release|Any CPU
		{05726DE3-8A1F-4BB0-8405-792ABA2B3497}.Debug|Any CPU.ActiveCfg = Release|Any CPU
		{05726DE3-8A1F-4BB0-8405-792ABA2B3497}.Debug|Any CPU.Build.0 = Release|Any CPU
		{4F3B7094-9FF9-48DF-B6AF-9AD67910F5AD}.Release|Any CPU.ActiveCfg = Release|Any CPU
		{4F3B7094-9FF9-48DF-B6AF-9AD67910F5AD}.Release|Any CPU.Build.0 = Release|Any CPU
		{4F3B7094-9FF9-48DF-B6AF-9AD67910F5AD}.Debug|Any CPU.ActiveCfg = Release|Any CPU
		{4F3B7094-9FF9-48DF-B6AF-9AD67910F5AD}.Debug|Any CPU.Build.0 = Release|Any CPU
	EndGlobalSection
EndGlobal
